Microsoft Visual Studio Solution File, Format Version 12.00
# Visual Studio Version 17
VisualStudioVersion = 17.5.2.0
MinimumVisualStudioVersion = 10.0.40219.1
Project("{FAE04EC0-301F-11D3-BF4B-00C04F79EFBC}") = "ProductAppConsole", "ProductAppConsole.csproj", "{EE2CAFBA-97E4-BFA7-B432-80CC65941B38}"
EndProject
Global
	GlobalSection(SolutionConfigurationPlatforms) = preSolution
		Debug|Any CPU = Debug|Any CPU
		Release|Any CPU = Release|Any CPU
	EndGlobalSection
	GlobalSection(ProjectConfigurationPlatforms) = postSolution
		{EE2CAFBA-97E4-BFA7-B432-80CC65941B38}.Debug|Any CPU.ActiveCfg = Debug|Any CPU
		{EE2CAFBA-97E4-BFA7-B432-80CC65941B38}.Debug|Any CPU.Build.0 = Debug|Any CPU
		{EE2CAFBA-97E4-BFA7-B432-80CC65941B38}.Release|Any CPU.ActiveCfg = Release|Any CPU
		{EE2CAFBA-97E4-BFA7-B432-80CC65941B38}.Release|Any CPU.Build.0 = Release|Any CPU
	EndGlobalSection
	GlobalSection(SolutionProperties) = preSolution
		HideSolutionNode = FALSE
	EndGlobalSection
	GlobalSection(ExtensibilityGlobals) = postSolution
		SolutionGuid = {1AFB49C0-3EF7-4C69-9913-5C26C2147F91}
	EndGlobalSection
EndGlobal
